# THIS IS AN AUTOGENERATED FILE. DO NOT EDIT THIS FILE DIRECTLY.
# yarn lockfile v1


"@homebrew-diskzine-press/cc65-node@1.0.5":
  version "1.0.5"
  resolved "https://npm.pkg.github.com/download/@homebrew-diskzine-press/cc65-node/1.0.5/3c70a84f9f1c22e8749f01c305dd4a5070d03b920aa1f66d79cce8a779e6fed8#11f0bc812d0132c801d21f17465ce54366608a44"
  integrity sha512-gegZpYAcok08i73295TuDzGRhpGkflIkqTEmT/Ub7SnoEwx5GyAv3iyaYCQx/QjC0xFGPKealEbhIRdVK6dTwg==
  dependencies:
    "@types/node" "^14.14.22"

"@types/node@^14.14.22":
  version "14.14.22"
  resolved "https://registry.yarnpkg.com/@types/node/-/node-14.14.22.tgz#0d29f382472c4ccf3bd96ff0ce47daf5b7b84b18"
  integrity sha512-g+f/qj/cNcqKkc3tFqlXOYjrmZA+jNBiDzbP3kH+B+otKFqAdPgVTGP1IeKRdMml/aE69as5S4FqtxAbl+LaMw==
